
Microsoft Visual Studio Solution File, Format Version 12.00
# Visual Studio 15

VisualStudioVersion = 15.0.28307.960
MinimumVisualStudioVersion = 10.0.40219.1
Project("{9A19103F-16F7-4668-BE54-9A1E7A4F7556}") = "ImageRecognition.API", "ImageRecognition.API\ImageRecognition.API.csproj", "{750976B4-AB0A-49C0-A47D-84CDBBB40A96}"
EndProject
Project("{FAE04EC0-301F-11D3-BF4B-00C04F79EFBC}") = "ImageRecognition.UI", "ImageRecognition.UI\ImageRecognition.UI.csproj", "{8E8F27FF-7C15-400D-860C-830B4F834096}"
EndProject
Global
	GlobalSection(SolutionConfigurationPlatforms) = preSolution
		Debug|Any CPU = Debug|Any CPU
		Release|Any CPU = Release|Any CPU
	EndGlobalSection
	GlobalSection(ProjectConfigurationPlatforms) = postSolution
		{750976B4-AB0A-49C0-A47D-84CDBBB40A96}.Debug|Any CPU.ActiveCfg = Debug|Any CPU
		{750976B4-AB0A-49C0-A47D-84CDBBB40A96}.Debug|Any CPU.Build.0 = Debug|Any CPU
		{750976B4-AB0A-49C0-A47D-84CDBBB40A96}.Release|Any CPU.ActiveCfg = Release|Any CPU
		{750976B4-AB0A-49C0-A47D-84CDBBB40A96}.Release|Any CPU.Build.0 = Release|Any CPU
		{8E8F27FF-7C15-400D-860C-830B4F834096}.Debug|Any CPU.ActiveCfg = Debug|Any CPU
		{8E8F27FF-7C15-400D-860C-830B4F834096}.Debug|Any CPU.Build.0 = Debug|Any CPU
		{8E8F27FF-7C15-400D-860C-830B4F834096}.Release|Any CPU.ActiveCfg = Release|Any CPU
		{8E8F27FF-7C15-400D-860C-830B4F834096}.Release|Any CPU.Build.0 = Release|Any CPU
	EndGlobalSection
	GlobalSection(SolutionProperties) = preSolution
		HideSolutionNode = FALSE
	EndGlobalSection
	GlobalSection(ExtensibilityGlobals) = postSolution
		SolutionGuid = {1FC6907D-3F7C-495E-94DB-6A97B0ED7CE6}
	EndGlobalSection
EndGlobal
